
Microsoft Visual Studio Solution File, Format Version 12.00
# Visual Studio 15
Project("{FAE04EC0-301F-11D3-BF4B-00C04F79EFBC}") = "GameLogic", "GameLogic\GameLogic.csproj", "{A7647DB2-5AEE-4430-AEB1-2ECD6D5E0969}"
EndProject
Project("{FAE04EC0-301F-11D3-BF4B-00C04F79EFBC}") = "TestGame", "TestGame\TestGame.csproj", "{3F3C90F2-1FEE-4206-845E-0953A056CF99}"
EndProject
Global
	GlobalSection(SolutionConfigurationPlatforms) = preSolution
		Debug|Any CPU = Debug|Any CPU
		Release|Any CPU = Release|Any CPU
	EndGlobalSection
	GlobalSection(ProjectConfigurationPlatforms) = postSolution
		{A7647DB2-5AEE-4430-AEB1-2ECD6D5E0969}.Debug|Any CPU.ActiveCfg = Debug|Any CPU
		{A7647DB2-5AEE-4430-AEB1-2ECD6D5E0969}.Debug|Any CPU.Build.0 = Debug|Any CPU
		{A7647DB2-5AEE-4430-AEB1-2ECD6D5E0969}.Release|Any CPU.ActiveCfg = Release|Any CPU
		{A7647DB2-5AEE-4430-AEB1-2ECD6D5E0969}.Release|Any CPU.Build.0 = Release|Any CPU
		{3F3C90F2-1FEE-4206-845E-0953A056CF99}.Debug|Any CPU.ActiveCfg = Debug|Any CPU
		{3F3C90F2-1FEE-4206-845E-0953A056CF99}.Debug|Any CPU.Build.0 = Debug|Any CPU
		{3F3C90F2-1FEE-4206-845E-0953A056CF99}.Release|Any CPU.ActiveCfg = Release|Any CPU
		{3F3C90F2-1FEE-4206-845E-0953A056CF99}.Release|Any CPU.Build.0 = Release|Any CPU
	EndGlobalSection
EndGlobal
